
Microsoft Visual Studio Solution File, Format Version 12.00
# Visual Studio 15
VisualStudioVersion = 15.0.26430.15
MinimumVisualStudioVersion = 10.0.40219.1
Project("{9A19103F-16F7-4668-BE54-9A1E7A4F7556}") = "IDI.Central", "IDI.Central\IDI.Central.csproj", "{0B675D2B-763D-43A4-AEC2-A898A8D14405}"
EndProject
Project("{9A19103F-16F7-4668-BE54-9A1E7A4F7556}") = "IDI.Core", "IDI.Core\IDI.Core.csproj", "{C9AEB33B-DF60-4EB2-8E43-0DBBEE7F6D11}"
EndProject
Project("{9A19103F-16F7-4668-BE54-9A1E7A4F7556}") = "IDI.Central.Models", "IDI.Central.Models\IDI.Central.Models.csproj", "{F5B49D90-7EE6-47A1-9803-24B92A26FE7C}"
EndProject
Project("{9A19103F-16F7-4668-BE54-9A1E7A4F7556}") = "IDI.Central.Domain", "IDI.Central.Domain\IDI.Central.Domain.csproj", "{BB09A2C8-2E71-4B78-AADB-9496B3EA1BF7}"
EndProject
Project("{9A19103F-16F7-4668-BE54-9A1E7A4F7556}") = "IDI.Central.Domain.Tests", "IDI.Central.Domain.Tests\IDI.Central.Domain.Tests.csproj", "{796D0E4C-CA73-4DA4-952D-659405488E4B}"
EndProject
Project("{2150E333-8FDC-42A3-9474-1A3956D46DE8}") = "01.Framework", "01.Framework", "{B63C0518-ED15-42C2-9C58-975318BE4C29}"
EndProject
Project("{2150E333-8FDC-42A3-9474-1A3956D46DE8}") = "02.Central", "02.Central", "{CB6294DE-D055-485F-9D3E-AD8A8C4407EC}"
EndProject
Project("{9A19103F-16F7-4668-BE54-9A1E7A4F7556}") = "IDI.Core.Tests", "IDI.Core.Tests\IDI.Core.Tests.csproj", "{485C9BE7-8831-45B2-B1F8-61FFEE2D43B8}"
EndProject
Project("{2150E333-8FDC-42A3-9474-1A3956D46DE8}") = "00.Documents", "00.Documents", "{422F57D3-9514-459B-A6BF-621FCF2DBE64}"
	ProjectSection(SolutionItems) = preProject
		..\README.md = ..\README.md
	EndProjectSection
EndProject
Project("{2150E333-8FDC-42A3-9474-1A3956D46DE8}") = "03.Testing", "03.Testing", "{A3B155FD-AB04-4255-B9A8-4E0414361C2C}"
EndProject
Project("{9A19103F-16F7-4668-BE54-9A1E7A4F7556}") = "IDI.Central.Tests", "IDI.Central.Tests\IDI.Central.Tests.csproj", "{F1029691-E021-4B6B-AAD3-F83CFF686B9F}"
EndProject
Project("{FAE04EC0-301F-11D3-BF4B-00C04F79EFBC}") = "IDI.Central.Common", "IDI.Central.Common\IDI.Central.Common.csproj", "{0E2DF237-418B-4CF5-8C81-A6F6D4B6388F}"
EndProject
Global
	GlobalSection(SolutionConfigurationPlatforms) = preSolution
		Debug|Any CPU = Debug|Any CPU
		Release|Any CPU = Release|Any CPU
	EndGlobalSection
	GlobalSection(ProjectConfigurationPlatforms) = postSolution
		{0B675D2B-763D-43A4-AEC2-A898A8D14405}.Debug|Any CPU.ActiveCfg = Debug|Any CPU
		{0B675D2B-763D-43A4-AEC2-A898A8D14405}.Debug|Any CPU.Build.0 = Debug|Any CPU
		{0B675D2B-763D-43A4-AEC2-A898A8D14405}.Release|Any CPU.ActiveCfg = Release|Any CPU
		{0B675D2B-763D-43A4-AEC2-A898A8D14405}.Release|Any CPU.Build.0 = Release|Any CPU
		{C9AEB33B-DF60-4EB2-8E43-0DBBEE7F6D11}.Debug|Any CPU.ActiveCfg = Debug|Any CPU
		{C9AEB33B-DF60-4EB2-8E43-0DBBEE7F6D11}.Debug|Any CPU.Build.0 = Debug|Any CPU
		{C9AEB33B-DF60-4EB2-8E43-0DBBEE7F6D11}.Release|Any CPU.ActiveCfg = Release|Any CPU
		{C9AEB33B-DF60-4EB2-8E43-0DBBEE7F6D11}.Release|Any CPU.Build.0 = Release|Any CPU
		{F5B49D90-7EE6-47A1-9803-24B92A26FE7C}.Debug|Any CPU.ActiveCfg = Debug|Any CPU
		{F5B49D90-7EE6-47A1-9803-24B92A26FE7C}.Debug|Any CPU.Build.0 = Debug|Any CPU
		{F5B49D90-7EE6-47A1-9803-24B92A26FE7C}.Release|Any CPU.ActiveCfg = Release|Any CPU
		{F5B49D90-7EE6-47A1-9803-24B92A26FE7C}.Release|Any CPU.Build.0 = Release|Any CPU
		{BB09A2C8-2E71-4B78-AADB-9496B3EA1BF7}.Debug|Any CPU.ActiveCfg = Debug|Any CPU
		{BB09A2C8-2E71-4B78-AADB-9496B3EA1BF7}.Debug|Any CPU.Build.0 = Debug|Any CPU
		{BB09A2C8-2E71-4B78-AADB-9496B3EA1BF7}.Release|Any CPU.ActiveCfg = Release|Any CPU
		{BB09A2C8-2E71-4B78-AADB-9496B3EA1BF7}.Release|Any CPU.Build.0 = Release|Any CPU
		{796D0E4C-CA73-4DA4-952D-659405488E4B}.Debug|Any CPU.ActiveCfg = Debug|Any CPU
		{796D0E4C-CA73-4DA4-952D-659405488E4B}.Debug|Any CPU.Build.0 = Debug|Any CPU
		{796D0E4C-CA73-4DA4-952D-659405488E4B}.Release|Any CPU.ActiveCfg = Release|Any CPU
		{796D0E4C-CA73-4DA4-952D-659405488E4B}.Release|Any CPU.Build.0 = Release|Any CPU
		{485C9BE7-8831-45B2-B1F8-61FFEE2D43B8}.Debug|Any CPU.ActiveCfg = Debug|Any CPU
		{485C9BE7-8831-45B2-B1F8-61FFEE2D43B8}.Debug|Any CPU.Build.0 = Debug|Any CPU
		{485C9BE7-8831-45B2-B1F8-61FFEE2D43B8}.Release|Any CPU.ActiveCfg = Release|Any CPU
		{485C9BE7-8831-45B2-B1F8-61FFEE2D43B8}.Release|Any CPU.Build.0 = Release|Any CPU
		{F1029691-E021-4B6B-AAD3-F83CFF686B9F}.Debug|Any CPU.ActiveCfg = Debug|Any CPU
		{F1029691-E021-4B6B-AAD3-F83CFF686B9F}.Debug|Any CPU.Build.0 = Debug|Any CPU
		{F1029691-E021-4B6B-AAD3-F83CFF686B9F}.Release|Any CPU.ActiveCfg = Release|Any CPU
		{F1029691-E021-4B6B-AAD3-F83CFF686B9F}.Release|Any CPU.Build.0 = Release|Any CPU
		{0E2DF237-418B-4CF5-8C81-A6F6D4B6388F}.Debug|Any CPU.ActiveCfg = Debug|Any CPU
		{0E2DF237-418B-4CF5-8C81-A6F6D4B6388F}.Debug|Any CPU.Build.0 = Debug|Any CPU
		{0E2DF237-418B-4CF5-8C81-A6F6D4B6388F}.Release|Any CPU.ActiveCfg = Release|Any CPU
		{0E2DF237-418B-4CF5-8C81-A6F6D4B6388F}.Release|Any CPU.Build.0 = Release|Any CPU
	EndGlobalSection
	GlobalSection(SolutionProperties) = preSolution
		HideSolutionNode = FALSE
	EndGlobalSection
	GlobalSection(NestedProjects) = preSolution
		{0B675D2B-763D-43A4-AEC2-A898A8D14405} = {CB6294DE-D055-485F-9D3E-AD8A8C4407EC}
		{C9AEB33B-DF60-4EB2-8E43-0DBBEE7F6D11} = {B63C0518-ED15-42C2-9C58-975318BE4C29}
		{F5B49D90-7EE6-47A1-9803-24B92A26FE7C} = {CB6294DE-D055-485F-9D3E-AD8A8C4407EC}
		{BB09A2C8-2E71-4B78-AADB-9496B3EA1BF7} = {CB6294DE-D055-485F-9D3E-AD8A8C4407EC}
		{796D0E4C-CA73-4DA4-952D-659405488E4B} = {A3B155FD-AB04-4255-B9A8-4E0414361C2C}
		{485C9BE7-8831-45B2-B1F8-61FFEE2D43B8} = {A3B155FD-AB04-4255-B9A8-4E0414361C2C}
		{F1029691-E021-4B6B-AAD3-F83CFF686B9F} = {A3B155FD-AB04-4255-B9A8-4E0414361C2C}
		{0E2DF237-418B-4CF5-8C81-A6F6D4B6388F} = {CB6294DE-D055-485F-9D3E-AD8A8C4407EC}
	EndGlobalSection
EndGlobal
