
Microsoft Visual Studio Solution File, Format Version 12.00
# Visual Studio 15
VisualStudioVersion = 15.0.26730.3
MinimumVisualStudioVersion = 10.0.40219.1
Project("{2150E333-8FDC-42A3-9474-1A3956D46DE8}") = "01.Framework", "01.Framework", "{B63C0518-ED15-42C2-9C58-975318BE4C29}"
EndProject
Project("{2150E333-8FDC-42A3-9474-1A3956D46DE8}") = "02.Central", "02.Central", "{CB6294DE-D055-485F-9D3E-AD8A8C4407EC}"
EndProject
Project("{2150E333-8FDC-42A3-9474-1A3956D46DE8}") = "00.Documents", "00.Documents", "{422F57D3-9514-459B-A6BF-621FCF2DBE64}"
	ProjectSection(SolutionItems) = preProject
		..\README.md = ..\README.md
	EndProjectSection
EndProject
Project("{2150E333-8FDC-42A3-9474-1A3956D46DE8}") = "03.Testing", "03.Testing", "{A3B155FD-AB04-4255-B9A8-4E0414361C2C}"
EndProject
Project("{9A19103F-16F7-4668-BE54-9A1E7A4F7556}") = "IDI.Central", "IDI.Central\IDI.Central.csproj", "{CBB08222-5387-4222-8DE5-055F47AF49AB}"
EndProject
Project("{9A19103F-16F7-4668-BE54-9A1E7A4F7556}") = "IDI.Central.Common", "IDI.Central.Common\IDI.Central.Common.csproj", "{3DB21213-871A-4DAF-8A05-C4FAC440CC45}"
EndProject
Project("{9A19103F-16F7-4668-BE54-9A1E7A4F7556}") = "IDI.Central.Domain", "IDI.Central.Domain\IDI.Central.Domain.csproj", "{CE46781F-6DDD-4017-9F20-6637529CBB4B}"
EndProject
Project("{9A19103F-16F7-4668-BE54-9A1E7A4F7556}") = "IDI.Central.Models", "IDI.Central.Models\IDI.Central.Models.csproj", "{049403A7-472C-4FBB-8D41-183DF2F304F9}"
EndProject
Project("{9A19103F-16F7-4668-BE54-9A1E7A4F7556}") = "IDI.Core", "IDI.Core\IDI.Core.csproj", "{BB81EFB9-CBA7-4E66-B13F-5388BAA73A42}"
EndProject
Project("{FAE04EC0-301F-11D3-BF4B-00C04F79EFBC}") = "IDI.Central.Domain.Tests", "IDI.Central.Domain.Tests\IDI.Central.Domain.Tests.csproj", "{72860904-7907-45A1-B169-F7975A9E352E}"
EndProject
Project("{FAE04EC0-301F-11D3-BF4B-00C04F79EFBC}") = "IDI.Central.Tests", "IDI.Central.Tests\IDI.Central.Tests.csproj", "{FDC724EA-4538-4628-87C3-8C4C10CFC163}"
EndProject
Project("{9A19103F-16F7-4668-BE54-9A1E7A4F7556}") = "IDI.Core.Tests", "IDI.Core.Tests\IDI.Core.Tests.csproj", "{A523DF45-2142-42D9-88A8-D5ECA7A72DE3}"
EndProject
Global
	GlobalSection(SolutionConfigurationPlatforms) = preSolution
		Debug|Any CPU = Debug|Any CPU
		Release|Any CPU = Release|Any CPU
	EndGlobalSection
	GlobalSection(ProjectConfigurationPlatforms) = postSolution
		{CBB08222-5387-4222-8DE5-055F47AF49AB}.Debug|Any CPU.ActiveCfg = Debug|Any CPU
		{CBB08222-5387-4222-8DE5-055F47AF49AB}.Debug|Any CPU.Build.0 = Debug|Any CPU
		{CBB08222-5387-4222-8DE5-055F47AF49AB}.Release|Any CPU.ActiveCfg = Release|Any CPU
		{CBB08222-5387-4222-8DE5-055F47AF49AB}.Release|Any CPU.Build.0 = Release|Any CPU
		{3DB21213-871A-4DAF-8A05-C4FAC440CC45}.Debug|Any CPU.ActiveCfg = Debug|Any CPU
		{3DB21213-871A-4DAF-8A05-C4FAC440CC45}.Debug|Any CPU.Build.0 = Debug|Any CPU
		{3DB21213-871A-4DAF-8A05-C4FAC440CC45}.Release|Any CPU.ActiveCfg = Release|Any CPU
		{3DB21213-871A-4DAF-8A05-C4FAC440CC45}.Release|Any CPU.Build.0 = Release|Any CPU
		{CE46781F-6DDD-4017-9F20-6637529CBB4B}.Debug|Any CPU.ActiveCfg = Debug|Any CPU
		{CE46781F-6DDD-4017-9F20-6637529CBB4B}.Debug|Any CPU.Build.0 = Debug|Any CPU
		{CE46781F-6DDD-4017-9F20-6637529CBB4B}.Release|Any CPU.ActiveCfg = Release|Any CPU
		{CE46781F-6DDD-4017-9F20-6637529CBB4B}.Release|Any CPU.Build.0 = Release|Any CPU
		{049403A7-472C-4FBB-8D41-183DF2F304F9}.Debug|Any CPU.ActiveCfg = Debug|Any CPU
		{049403A7-472C-4FBB-8D41-183DF2F304F9}.Debug|Any CPU.Build.0 = Debug|Any CPU
		{049403A7-472C-4FBB-8D41-183DF2F304F9}.Release|Any CPU.ActiveCfg = Release|Any CPU
		{049403A7-472C-4FBB-8D41-183DF2F304F9}.Release|Any CPU.Build.0 = Release|Any CPU
		{BB81EFB9-CBA7-4E66-B13F-5388BAA73A42}.Debug|Any CPU.ActiveCfg = Debug|Any CPU
		{BB81EFB9-CBA7-4E66-B13F-5388BAA73A42}.Debug|Any CPU.Build.0 = Debug|Any CPU
		{BB81EFB9-CBA7-4E66-B13F-5388BAA73A42}.Release|Any CPU.ActiveCfg = Release|Any CPU
		{BB81EFB9-CBA7-4E66-B13F-5388BAA73A42}.Release|Any CPU.Build.0 = Release|Any CPU
		{72860904-7907-45A1-B169-F7975A9E352E}.Debug|Any CPU.ActiveCfg = Debug|Any CPU
		{72860904-7907-45A1-B169-F7975A9E352E}.Debug|Any CPU.Build.0 = Debug|Any CPU
		{72860904-7907-45A1-B169-F7975A9E352E}.Release|Any CPU.ActiveCfg = Release|Any CPU
		{72860904-7907-45A1-B169-F7975A9E352E}.Release|Any CPU.Build.0 = Release|Any CPU
		{FDC724EA-4538-4628-87C3-8C4C10CFC163}.Debug|Any CPU.ActiveCfg = Debug|Any CPU
		{FDC724EA-4538-4628-87C3-8C4C10CFC163}.Debug|Any CPU.Build.0 = Debug|Any CPU
		{FDC724EA-4538-4628-87C3-8C4C10CFC163}.Release|Any CPU.ActiveCfg = Release|Any CPU
		{FDC724EA-4538-4628-87C3-8C4C10CFC163}.Release|Any CPU.Build.0 = Release|Any CPU
		{A523DF45-2142-42D9-88A8-D5ECA7A72DE3}.Debug|Any CPU.ActiveCfg = Debug|Any CPU
		{A523DF45-2142-42D9-88A8-D5ECA7A72DE3}.Debug|Any CPU.Build.0 = Debug|Any CPU
		{A523DF45-2142-42D9-88A8-D5ECA7A72DE3}.Release|Any CPU.ActiveCfg = Release|Any CPU
		{A523DF45-2142-42D9-88A8-D5ECA7A72DE3}.Release|Any CPU.Build.0 = Release|Any CPU
	EndGlobalSection
	GlobalSection(SolutionProperties) = preSolution
		HideSolutionNode = FALSE
	EndGlobalSection
	GlobalSection(NestedProjects) = preSolution
		{CBB08222-5387-4222-8DE5-055F47AF49AB} = {CB6294DE-D055-485F-9D3E-AD8A8C4407EC}
		{3DB21213-871A-4DAF-8A05-C4FAC440CC45} = {CB6294DE-D055-485F-9D3E-AD8A8C4407EC}
		{CE46781F-6DDD-4017-9F20-6637529CBB4B} = {CB6294DE-D055-485F-9D3E-AD8A8C4407EC}
		{049403A7-472C-4FBB-8D41-183DF2F304F9} = {CB6294DE-D055-485F-9D3E-AD8A8C4407EC}
		{BB81EFB9-CBA7-4E66-B13F-5388BAA73A42} = {B63C0518-ED15-42C2-9C58-975318BE4C29}
		{72860904-7907-45A1-B169-F7975A9E352E} = {A3B155FD-AB04-4255-B9A8-4E0414361C2C}
		{FDC724EA-4538-4628-87C3-8C4C10CFC163} = {A3B155FD-AB04-4255-B9A8-4E0414361C2C}
		{A523DF45-2142-42D9-88A8-D5ECA7A72DE3} = {A3B155FD-AB04-4255-B9A8-4E0414361C2C}
	EndGlobalSection
	GlobalSection(ExtensibilityGlobals) = postSolution
		SolutionGuid = {8EC37318-1104-4303-B54E-74A46AC30350}
	EndGlobalSection
EndGlobal
