
Microsoft Visual Studio Solution File, Format Version 12.00
# Visual Studio 15
VisualStudioVersion = 15.0.26430.13
MinimumVisualStudioVersion = 10.0.40219.1
Project("{FAE04EC0-301F-11D3-BF4B-00C04F79EFBC}") = "IDI.Central", "IDI.Central\IDI.Central.csproj", "{0B675D2B-763D-43A4-AEC2-A898A8D14405}"
EndProject
Project("{FAE04EC0-301F-11D3-BF4B-00C04F79EFBC}") = "IDI.Core", "IDI.Core\IDI.Core.csproj", "{C9AEB33B-DF60-4EB2-8E43-0DBBEE7F6D11}"
EndProject
Global
	GlobalSection(SolutionConfigurationPlatforms) = preSolution
		Debug|Any CPU = Debug|Any CPU
		Release|Any CPU = Release|Any CPU
	EndGlobalSection
	GlobalSection(ProjectConfigurationPlatforms) = postSolution
		{0B675D2B-763D-43A4-AEC2-A898A8D14405}.Debug|Any CPU.ActiveCfg = Debug|Any CPU
		{0B675D2B-763D-43A4-AEC2-A898A8D14405}.Debug|Any CPU.Build.0 = Debug|Any CPU
		{0B675D2B-763D-43A4-AEC2-A898A8D14405}.Release|Any CPU.ActiveCfg = Release|Any CPU
		{0B675D2B-763D-43A4-AEC2-A898A8D14405}.Release|Any CPU.Build.0 = Release|Any CPU
		{C9AEB33B-DF60-4EB2-8E43-0DBBEE7F6D11}.Debug|Any CPU.ActiveCfg = Debug|Any CPU
		{C9AEB33B-DF60-4EB2-8E43-0DBBEE7F6D11}.Debug|Any CPU.Build.0 = Debug|Any CPU
		{C9AEB33B-DF60-4EB2-8E43-0DBBEE7F6D11}.Release|Any CPU.ActiveCfg = Release|Any CPU
		{C9AEB33B-DF60-4EB2-8E43-0DBBEE7F6D11}.Release|Any CPU.Build.0 = Release|Any CPU
	EndGlobalSection
	GlobalSection(SolutionProperties) = preSolution
		HideSolutionNode = FALSE
	EndGlobalSection
EndGlobal
